// !$*UTF8*$!
{
	archiveVersion = 1;
	classes = {
	};
	objectVersion = 46;
	objects = {

/* Begin PBXBuildFile section */
		06FBADE01C6B3D130037BCCC /* AppDelegate.swift in Sources */ = {isa = PBXBuildFile; fileRef = 06FBADDF1C6B3D130037BCCC /* AppDelegate.swift */; };
		06FBADE21C6B3D130037BCCC /* ViewController.swift in Sources */ = {isa = PBXBuildFile; fileRef = 06FBADE11C6B3D130037BCCC /* ViewController.swift */; };
		06FBADE51C6B3D130037BCCC /* Main.storyboard in Resources */ = {isa = PBXBuildFile; fileRef = 06FBADE31C6B3D130037BCCC /* Main.storyboard */; };
		06FBADE71C6B3D130037BCCC /* Assets.xcassets in Resources */ = {isa = PBXBuildFile; fileRef = 06FBADE61C6B3D130037BCCC /* Assets.xcassets */; };
		06FBADEA1C6B3D130037BCCC /* LaunchScreen.storyboard in Resources */ = {isa = PBXBuildFile; fileRef = 06FBADE81C6B3D130037BCCC /* LaunchScreen.storyboard */; };
		06FBADF51C6B3D130037BCCC /* WordListTests.swift in Sources */ = {isa = PBXBuildFile; fileRef = 06FBADF41C6B3D130037BCCC /* WordListTests.swift */; };
		06FBAE001C6B3D130037BCCC /* WordListUITests.swift in Sources */ = {isa = PBXBuildFile; fileRef = 06FBADFF1C6B3D130037BCCC /* WordListUITests.swift */; };
		06FBAE151C6B3D990037BCCC /* Default-568h@2x.png in Resources */ = {isa = PBXBuildFile; fileRef = 06FBAE0F1C6B3D990037BCCC /* Default-568h@2x.png */; };
		06FBAE161C6B3D990037BCCC /* Default-667h@2x.png in Resources */ = {isa = PBXBuildFile; fileRef = 06FBAE101C6B3D990037BCCC /* Default-667h@2x.png */; };
		06FBAE171C6B3D990037BCCC /* Default-736h@3x.png in Resources */ = {isa = PBXBuildFile; fileRef = 06FBAE111C6B3D990037BCCC /* Default-736h@3x.png */; };
		06FBAE181C6B3D990037BCCC /* fin.png in Resources */ = {isa = PBXBuildFile; fileRef = 06FBAE121C6B3D990037BCCC /* fin.png */; };
		06FBAE191C6B3D990037BCCC /* title_logo.png in Resources */ = {isa = PBXBuildFile; fileRef = 06FBAE131C6B3D990037BCCC /* title_logo.png */; };
		06FBAE1A1C6B3D990037BCCC /* word_blank.png in Resources */ = {isa = PBXBuildFile; fileRef = 06FBAE141C6B3D990037BCCC /* word_blank.png */; };
		06FBAE1C1C6B80ED0037BCCC /* QuestionViewController.swift in Sources */ = {isa = PBXBuildFile; fileRef = 06FBAE1B1C6B80ED0037BCCC /* QuestionViewController.swift */; };
		06FBAE1E1C6B81390037BCCC /* FinishViewController.swift in Sources */ = {isa = PBXBuildFile; fileRef = 06FBAE1D1C6B81390037BCCC /* FinishViewController.swift */; };
		06FBAE201C6B816C0037BCCC /* ListTableViewController.swift in Sources */ = {isa = PBXBuildFile; fileRef = 06FBAE1F1C6B816C0037BCCC /* ListTableViewController.swift */; };
		06FBAE221C6B81930037BCCC /* AddViewController.swift in Sources */ = {isa = PBXBuildFile; fileRef = 06FBAE211C6B81930037BCCC /* AddViewController.swift */; };
		06FBAE251C6C17A60037BCCC /* ListTableViewCell.swift in Sources */ = {isa = PBXBuildFile; fileRef = 06FBAE231C6C17A60037BCCC /* ListTableViewCell.swift */; };
		06FBAE261C6C17A60037BCCC /* ListTableViewCell.xib in Resources */ = {isa = PBXBuildFile; fileRef = 06FBAE241C6C17A60037BCCC /* ListTableViewCell.xib */; };
/* End PBXBuildFile section */

/* Begin PBXContainerItemProxy section */
		06FBADF11C6B3D130037BCCC /* PBXContainerItemProxy */ = {
			isa = PBXContainerItemProxy;
			containerPortal = 06FBADD41C6B3D130037BCCC /* Project object */;
			proxyType = 1;
			remoteGlobalIDString = 06FBADDB1C6B3D130037BCCC;
			remoteInfo = WordList;
		};
		06FBADFC1C6B3D130037BCCC /* PBXContainerItemProxy */ = {
			isa = PBXContainerItemProxy;
			containerPortal = 06FBADD41C6B3D130037BCCC /* Project object */;
			proxyType = 1;
			remoteGlobalIDString = 06FBADDB1C6B3D130037BCCC;
			remoteInfo = WordList;
		};
/* End PBXContainerItemProxy section */

/* Begin PBXFileReference section */
		06FBADDC1C6B3D130037BCCC /* WordList.app */ = {isa = PBXFileReference; explicitFileType = wrapper.application; includeInIndex = 0; path = WordList.app; sourceTree = BUILT_PRODUCTS_DIR; };
		06FBADDF1C6B3D130037BCCC /* AppDelegate.swift */ = {isa = PBXFileReference; lastKnownFileType = sourcecode.swift; path = AppDelegate.swift; sourceTree = "<group>"; };
		06FBADE11C6B3D130037BCCC /* ViewController.swift */ = {isa = PBXFileReference; lastKnownFileType = sourcecode.swift; path = ViewController.swift; sourceTree = "<group>"; };
		06FBADE41C6B3D130037BCCC /* Base */ = {isa = PBXFileReference; lastKnownFileType = file.storyboard; name = Base; path = Base.lproj/Main.storyboard; sourceTree = "<group>"; };
		06FBADE61C6B3D130037BCCC /* Assets.xcassets */ = {isa = PBXFileReference; lastKnownFileType = folder.assetcatalog; path = Assets.xcassets; sourceTree = "<group>"; };
		06FBADE91C6B3D130037BCCC /* Base */ = {isa = PBXFileReference; lastKnownFileType = file.storyboard; name = Base; path = Base.lproj/LaunchScreen.storyboard; sourceTree = "<group>"; };
		06FBADEB1C6B3D130037BCCC /* Info.plist */ = {isa = PBXFileReference; lastKnownFileType = text.plist.xml; path = Info.plist; sourceTree = "<group>"; };
		06FBADF01C6B3D130037BCCC /* WordListTests.xctest */ = {isa = PBXFileReference; explicitFileType = wrapper.cfbundle; includeInIndex = 0; path = WordListTests.xctest; sourceTree = BUILT_PRODUCTS_DIR; };
		06FBADF41C6B3D130037BCCC /* WordListTests.swift */ = {isa = PBXFileReference; lastKnownFileType = sourcecode.swift; path = WordListTests.swift; sourceTree = "<group>"; };
		06FBADF61C6B3D130037BCCC /* Info.plist */ = {isa = PBXFileReference; lastKnownFileType = text.plist.xml; path = Info.plist; sourceTree = "<group>"; };
		06FBADFB1C6B3D130037BCCC /* WordListUITests.xctest */ = {isa = PBXFileReference; explicitFileType = wrapper.cfbundle; includeInIndex = 0; path = WordListUITests.xctest; sourceTree = BUILT_PRODUCTS_DIR; };
		06FBADFF1C6B3D130037BCCC /* WordListUITests.swift */ = {isa = PBXFileReference; lastKnownFileType = sourcecode.swift; path = WordListUITests.swift; sourceTree = "<group>"; };
		06FBAE011C6B3D130037BCCC /* Info.plist */ = {isa = PBXFileReference; lastKnownFileType = text.plist.xml; path = Info.plist; sourceTree = "<group>"; };
		06FBAE0F1C6B3D990037BCCC /* Default-568h@2x.png */ = {isa = PBXFileReference; lastKnownFileType = image.png; path = "Default-568h@2x.png"; sourceTree = "<group>"; };
		06FBAE101C6B3D990037BCCC /* Default-667h@2x.png */ = {isa = PBXFileReference; lastKnownFileType = image.png; path = "Default-667h@2x.png"; sourceTree = "<group>"; };
		06FBAE111C6B3D990037BCCC /* Default-736h@3x.png */ = {isa = PBXFileReference; lastKnownFileType = image.png; path = "Default-736h@3x.png"; sourceTree = "<group>"; };
		06FBAE121C6B3D990037BCCC /* fin.png */ = {isa = PBXFileReference; lastKnownFileType = image.png; path = fin.png; sourceTree = "<group>"; };
		06FBAE131C6B3D990037BCCC /* title_logo.png */ = {isa = PBXFileReference; lastKnownFileType = image.png; path = title_logo.png; sourceTree = "<group>"; };
		06FBAE141C6B3D990037BCCC /* word_blank.png */ = {isa = PBXFileReference; lastKnownFileType = image.png; path = word_blank.png; sourceTree = "<group>"; };
		06FBAE1B1C6B80ED0037BCCC /* QuestionViewController.swift */ = {isa = PBXFileReference; fileEncoding = 4; lastKnownFileType = sourcecode.swift; path = QuestionViewController.swift; sourceTree = "<group>"; };
		06FBAE1D1C6B81390037BCCC /* FinishViewController.swift */ = {isa = PBXFileReference; fileEncoding = 4; lastKnownFileType = sourcecode.swift; path = FinishViewController.swift; sourceTree = "<group>"; };
		06FBAE1F1C6B816C0037BCCC /* ListTableViewController.swift */ = {isa = PBXFileReference; fileEncoding = 4; lastKnownFileType = sourcecode.swift; path = ListTableViewController.swift; sourceTree = "<group>"; };
		06FBAE211C6B81930037BCCC /* AddViewController.swift */ = {isa = PBXFileReference; fileEncoding = 4; lastKnownFileType = sourcecode.swift; path = AddViewController.swift; sourceTree = "<group>"; };
		06FBAE231C6C17A60037BCCC /* ListTableViewCell.swift */ = {isa = PBXFileReference; fileEncoding = 4; lastKnownFileType = sourcecode.swift; path = ListTableViewCell.swift; sourceTree = "<group>"; };
		06FBAE241C6C17A60037BCCC /* ListTableViewCell.xib */ = {isa = PBXFileReference; fileEncoding = 4; lastKnownFileType = file.xib; path = ListTableViewCell.xib; sourceTree = "<group>"; };
/* End PBXFileReference section */

/* Begin PBXFrameworksBuildPhase section */
		06FBADD91C6B3D130037BCCC /* Frameworks */ = {
			isa = PBXFrameworksBuildPhase;
			buildActionMask = 2147483647;
			files = (
			);
			runOnlyForDeploymentPostprocessing = 0;
		};
		06FBADED1C6B3D130037BCCC /* Frameworks */ = {
			isa = PBXFrameworksBuildPhase;
			buildActionMask = 2147483647;
			files = (
			);
			runOnlyForDeploymentPostprocessing = 0;
		};
		06FBADF81C6B3D130037BCCC /* Frameworks */ = {
			isa = PBXFrameworksBuildPhase;
			buildActionMask = 2147483647;
			files = (
			);
			runOnlyForDeploymentPostprocessing = 0;
		};
/* End PBXFrameworksBuildPhase section */

/* Begin PBXGroup section */
		06FBADD31C6B3D130037BCCC = {
			isa = PBXGroup;
			children = (
				06FBADDE1C6B3D130037BCCC /* WordList */,
				06FBADF31C6B3D130037BCCC /* WordListTests */,
				06FBADFE1C6B3D130037BCCC /* WordListUITests */,
				06FBADDD1C6B3D130037BCCC /* Products */,
			);
			sourceTree = "<group>";
		};
		06FBADDD1C6B3D130037BCCC /* Products */ = {
			isa = PBXGroup;
			children = (
				06FBADDC1C6B3D130037BCCC /* WordList.app */,
				06FBADF01C6B3D130037BCCC /* WordListTests.xctest */,
				06FBADFB1C6B3D130037BCCC /* WordListUITests.xctest */,
			);
			name = Products;
			sourceTree = "<group>";
		};
		06FBADDE1C6B3D130037BCCC /* WordList */ = {
			isa = PBXGroup;
			children = (
				06FBADDF1C6B3D130037BCCC /* AppDelegate.swift */,
				06FBADE11C6B3D130037BCCC /* ViewController.swift */,
				06FBADE31C6B3D130037BCCC /* Main.storyboard */,
				06FBAE0D1C6B3D990037BCCC /* WordList素材 */,
				06FBADE61C6B3D130037BCCC /* Assets.xcassets */,
				06FBADE81C6B3D130037BCCC /* LaunchScreen.storyboard */,
				06FBADEB1C6B3D130037BCCC /* Info.plist */,
				06FBAE1B1C6B80ED0037BCCC /* QuestionViewController.swift */,
				06FBAE1D1C6B81390037BCCC /* FinishViewController.swift */,
				06FBAE1F1C6B816C0037BCCC /* ListTableViewController.swift */,
				06FBAE211C6B81930037BCCC /* AddViewController.swift */,
				06FBAE231C6C17A60037BCCC /* ListTableViewCell.swift */,
				06FBAE241C6C17A60037BCCC /* ListTableViewCell.xib */,
			);
			path = WordList;
			sourceTree = "<group>";
		};
		06FBADF31C6B3D130037BCCC /* WordListTests */ = {
			isa = PBXGroup;
			children = (
				06FBADF41C6B3D130037BCCC /* WordListTests.swift */,
				06FBADF61C6B3D130037BCCC /* Info.plist */,
			);
			path = WordListTests;
			sourceTree = "<group>";
		};
		06FBADFE1C6B3D130037BCCC /* WordListUITests */ = {
			isa = PBXGroup;
			children = (
				06FBADFF1C6B3D130037BCCC /* WordListUITests.swift */,
				06FBAE011C6B3D130037BCCC /* Info.plist */,
			);
			path = WordListUITests;
			sourceTree = "<group>";
		};
		06FBAE0D1C6B3D990037BCCC /* WordList素材 */ = {
			isa = PBXGroup;
			children = (
				06FBAE0E1C6B3D990037BCCC /* Defaults */,
				06FBAE121C6B3D990037BCCC /* fin.png */,
				06FBAE131C6B3D990037BCCC /* title_logo.png */,
				06FBAE141C6B3D990037BCCC /* word_blank.png */,
			);
			path = "WordList素材";
			sourceTree = "<group>";
		};
		06FBAE0E1C6B3D990037BCCC /* Defaults */ = {
			isa = PBXGroup;
			children = (
				06FBAE0F1C6B3D990037BCCC /* Default-568h@2x.png */,
				06FBAE101C6B3D990037BCCC /* Default-667h@2x.png */,
				06FBAE111C6B3D990037BCCC /* Default-736h@3x.png */,
			);
			path = Defaults;
			sourceTree = "<group>";
		};
/* End PBXGroup section */

/* Begin PBXNativeTarget section */
		06FBADDB1C6B3D130037BCCC /* WordList */ = {
			isa = PBXNativeTarget;
			buildConfigurationList = 06FBAE041C6B3D130037BCCC /* Build configuration list for PBXNativeTarget "WordList" */;
			buildPhases = (
				06FBADD81C6B3D130037BCCC /* Sources */,
				06FBADD91C6B3D130037BCCC /* Frameworks */,
				06FBADDA1C6B3D130037BCCC /* Resources */,
			);
			buildRules = (
			);
			dependencies = (
			);
			name = WordList;
			productName = WordList;
			productReference = 06FBADDC1C6B3D130037BCCC /* WordList.app */;
			productType = "com.apple.product-type.application";
		};
		06FBADEF1C6B3D130037BCCC /* WordListTests */ = {
			isa = PBXNativeTarget;
			buildConfigurationList = 06FBAE071C6B3D130037BCCC /* Build configuration list for PBXNativeTarget "WordListTests" */;
			buildPhases = (
				06FBADEC1C6B3D130037BCCC /* Sources */,
				06FBADED1C6B3D130037BCCC /* Frameworks */,
				06FBADEE1C6B3D130037BCCC /* Resources */,
			);
			buildRules = (
			);
			dependencies = (
				06FBADF21C6B3D130037BCCC /* PBXTargetDependency */,
			);
			name = WordListTests;
			productName = WordListTests;
			productReference = 06FBADF01C6B3D130037BCCC /* WordListTests.xctest */;
			productType = "com.apple.product-type.bundle.unit-test";
		};
		06FBADFA1C6B3D130037BCCC /* WordListUITests */ = {
			isa = PBXNativeTarget;
			buildConfigurationList = 06FBAE0A1C6B3D130037BCCC /* Build configuration list for PBXNativeTarget "WordListUITests" */;
			buildPhases = (
				06FBADF71C6B3D130037BCCC /* Sources */,
				06FBADF81C6B3D130037BCCC /* Frameworks */,
				06FBADF91C6B3D130037BCCC /* Resources */,
			);
			buildRules = (
			);
			dependencies = (
				06FBADFD1C6B3D130037BCCC /* PBXTargetDependency */,
			);
			name = WordListUITests;
			productName = WordListUITests;
			productReference = 06FBADFB1C6B3D130037BCCC /* WordListUITests.xctest */;
			productType = "com.apple.product-type.bundle.ui-testing";
		};
/* End PBXNativeTarget section */

/* Begin PBXProject section */
		06FBADD41C6B3D130037BCCC /* Project object */ = {
			isa = PBXProject;
			attributes = {
				LastSwiftUpdateCheck = 0720;
				LastUpgradeCheck = 0720;
				ORGANIZATIONNAME = "Yuki Sakata";
				TargetAttributes = {
					06FBADDB1C6B3D130037BCCC = {
						CreatedOnToolsVersion = 7.2;
					};
					06FBADEF1C6B3D130037BCCC = {
						CreatedOnToolsVersion = 7.2;
						TestTargetID = 06FBADDB1C6B3D130037BCCC;
					};
					06FBADFA1C6B3D130037BCCC = {
						CreatedOnToolsVersion = 7.2;
						TestTargetID = 06FBADDB1C6B3D130037BCCC;
					};
				};
			};
			buildConfigurationList = 06FBADD71C6B3D130037BCCC /* Build configuration list for PBXProject "WordList" */;
			compatibilityVersion = "Xcode 3.2";
			developmentRegion = English;
			hasScannedForEncodings = 0;
			knownRegions = (
				en,
				Base,
			);
			mainGroup = 06FBADD31C6B3D130037BCCC;
			productRefGroup = 06FBADDD1C6B3D130037BCCC /* Products */;
			projectDirPath = "";
			projectRoot = "";
			targets = (
				06FBADDB1C6B3D130037BCCC /* WordList */,
				06FBADEF1C6B3D130037BCCC /* WordListTests */,
				06FBADFA1C6B3D130037BCCC /* WordListUITests */,
			);
		};
/* End PBXProject section */

/* Begin PBXResourcesBuildPhase section */
		06FBADDA1C6B3D130037BCCC /* Resources */ = {
			isa = PBXResourcesBuildPhase;
			buildActionMask = 2147483647;
			files = (
				06FBADEA1C6B3D130037BCCC /* LaunchScreen.storyboard in Resources */,
				06FBAE181C6B3D990037BCCC /* fin.png in Resources */,
				06FBAE151C6B3D990037BCCC /* Default-568h@2x.png in Resources */,
				06FBAE191C6B3D990037BCCC /* title_logo.png in Resources */,
				06FBADE71C6B3D130037BCCC /* Assets.xcassets in Resources */,
				06FBAE1A1C6B3D990037BCCC /* word_blank.png in Resources */,
				06FBADE51C6B3D130037BCCC /* Main.storyboard in Resources */,
				06FBAE161C6B3D990037BCCC /* Default-667h@2x.png in Resources */,
				06FBAE171C6B3D990037BCCC /* Default-736h@3x.png in Resources */,
				06FBAE261C6C17A60037BCCC /* ListTableViewCell.xib in Resources */,
			);
			runOnlyForDeploymentPostprocessing = 0;
		};
		06FBADEE1C6B3D130037BCCC /* Resources */ = {
			isa = PBXResourcesBuildPhase;
			buildActionMask = 2147483647;
			files = (
			);
			runOnlyForDeploymentPostprocessing = 0;
		};
		06FBADF91C6B3D130037BCCC /* Resources */ = {
			isa = PBXResourcesBuildPhase;
			buildActionMask = 2147483647;
			files = (
			);
			runOnlyForDeploymentPostprocessing = 0;
		};
/* End PBXResourcesBuildPhase section */

/* Begin PBXSourcesBuildPhase section */
		06FBADD81C6B3D130037BCCC /* Sources */ = {
			isa = PBXSourcesBuildPhase;
			buildActionMask = 2147483647;
			files = (
				06FBAE251C6C17A60037BCCC /* ListTableViewCell.swift in Sources */,
				06FBADE21C6B3D130037BCCC /* ViewController.swift in Sources */,
				06FBAE1E1C6B81390037BCCC /* FinishViewController.swift in Sources */,
				06FBAE221C6B81930037BCCC /* AddViewController.swift in Sources */,
				06FBADE01C6B3D130037BCCC /* AppDelegate.swift in Sources */,
				06FBAE201C6B816C0037BCCC /* ListTableViewController.swift in Sources */,
				06FBAE1C1C6B80ED0037BCCC /* QuestionViewController.swift in Sources */,
			);
			runOnlyForDeploymentPostprocessing = 0;
		};
		06FBADEC1C6B3D130037BCCC /* Sources */ = {
			isa = PBXSourcesBuildPhase;
			buildActionMask = 2147483647;
			files = (
				06FBADF51C6B3D130037BCCC /* WordListTests.swift in Sources */,
			);
			runOnlyForDeploymentPostprocessing = 0;
		};
		06FBADF71C6B3D130037BCCC /* Sources */ = {
			isa = PBXSourcesBuildPhase;
			buildActionMask = 2147483647;
			files = (
				06FBAE001C6B3D130037BCCC /* WordListUITests.swift in Sources */,
			);
			runOnlyForDeploymentPostprocessing = 0;
		};
/* End PBXSourcesBuildPhase section */

/* Begin PBXTargetDependency section */
		06FBADF21C6B3D130037BCCC /* PBXTargetDependency */ = {
			isa = PBXTargetDependency;
			target = 06FBADDB1C6B3D130037BCCC /* WordList */;
			targetProxy = 06FBADF11C6B3D130037BCCC /* PBXContainerItemProxy */;
		};
		06FBADFD1C6B3D130037BCCC /* PBXTargetDependency */ = {
			isa = PBXTargetDependency;
			target = 06FBADDB1C6B3D130037BCCC /* WordList */;
			targetProxy = 06FBADFC1C6B3D130037BCCC /* PBXContainerItemProxy */;
		};
/* End PBXTargetDependency section */

/* Begin PBXVariantGroup section */
		06FBADE31C6B3D130037BCCC /* Main.storyboard */ = {
			isa = PBXVariantGroup;
			children = (
				06FBADE41C6B3D130037BCCC /* Base */,
			);
			name = Main.storyboard;
			sourceTree = "<group>";
		};
		06FBADE81C6B3D130037BCCC /* LaunchScreen.storyboard */ = {
			isa = PBXVariantGroup;
			children = (
				06FBADE91C6B3D130037BCCC /* Base */,
			);
			name = LaunchScreen.storyboard;
			sourceTree = "<group>";
		};
/* End PBXVariantGroup section */

/* Begin XCBuildConfiguration section */
		06FBAE021C6B3D130037BCCC /* Debug */ = {
			isa = XCBuildConfiguration;
			buildSettings = {
				ALWAYS_SEARCH_USER_PATHS = NO;
				CLANG_CXX_LANGUAGE_STANDARD = "gnu++0x";
				CLANG_CXX_LIBRARY = "libc++";
				CLANG_ENABLE_MODULES = YES;
				CLANG_ENABLE_OBJC_ARC = YES;
				CLANG_WARN_BOOL_CONVERSION = YES;
				CLANG_WARN_CONSTANT_CONVERSION = YES;
				CLANG_WARN_DIRECT_OBJC_ISA_USAGE = YES_ERROR;
				CLANG_WARN_EMPTY_BODY = YES;
				CLANG_WARN_ENUM_CONVERSION = YES;
				CLANG_WARN_INT_CONVERSION = YES;
				CLANG_WARN_OBJC_ROOT_CLASS = YES_ERROR;
				CLANG_WARN_UNREACHABLE_CODE = YES;
				CLANG_WARN__DUPLICATE_METHOD_MATCH = YES;
				"CODE_SIGN_IDENTITY[sdk=iphoneos*]" = "iPhone Developer";
				COPY_PHASE_STRIP = NO;
				DEBUG_INFORMATION_FORMAT = dwarf;
				ENABLE_STRICT_OBJC_MSGSEND = YES;
				ENABLE_TESTABILITY = YES;
				GCC_C_LANGUAGE_STANDARD = gnu99;
				GCC_DYNAMIC_NO_PIC = NO;
				GCC_NO_COMMON_BLOCKS = YES;
				GCC_OPTIMIZATION_LEVEL = 0;
				GCC_PREPROCESSOR_DEFINITIONS = (
					"DEBUG=1",
					"$(inherited)",
				);
				GCC_WARN_64_TO_32_BIT_CONVERSION = YES;
				GCC_WARN_ABOUT_RETURN_TYPE = YES_ERROR;
				GCC_WARN_UNDECLARED_SELECTOR = YES;
				GCC_WARN_UNINITIALIZED_AUTOS = YES_AGGRESSIVE;
				GCC_WARN_UNUSED_FUNCTION = YES;
				GCC_WARN_UNUSED_VARIABLE = YES;
				IPHONEOS_DEPLOYMENT_TARGET = 9.2;
				MTL_ENABLE_DEBUG_INFO = YES;
				ONLY_ACTIVE_ARCH = YES;
				SDKROOT = iphoneos;
				SWIFT_OPTIMIZATION_LEVEL = "-Onone";
			};
			name = Debug;
		};
		06FBAE031C6B3D130037BCCC /* Release */ = {
			isa = XCBuildConfiguration;
			buildSettings = {
				ALWAYS_SEARCH_USER_PATHS = NO;
				CLANG_CXX_LANGUAGE_STANDARD = "gnu++0x";
				CLANG_CXX_LIBRARY = "libc++";
				CLANG_ENABLE_MODULES = YES;
				CLANG_ENABLE_OBJC_ARC = YES;
				CLANG_WARN_BOOL_CONVERSION = YES;
				CLANG_WARN_CONSTANT_CONVERSION = YES;
				CLANG_WARN_DIRECT_OBJC_ISA_USAGE = YES_ERROR;
				CLANG_WARN_EMPTY_BODY = YES;
				CLANG_WARN_ENUM_CONVERSION = YES;
				CLANG_WARN_INT_CONVERSION = YES;
				CLANG_WARN_OBJC_ROOT_CLASS = YES_ERROR;
				CLANG_WARN_UNREACHABLE_CODE = YES;
				CLANG_WARN__DUPLICATE_METHOD_MATCH = YES;
				"CODE_SIGN_IDENTITY[sdk=iphoneos*]" = "iPhone Developer";
				COPY_PHASE_STRIP = NO;
				DEBUG_INFORMATION_FORMAT = "dwarf-with-dsym";
				ENABLE_NS_ASSERTIONS = NO;
				ENABLE_STRICT_OBJC_MSGSEND = YES;
				GCC_C_LANGUAGE_STANDARD = gnu99;
				GCC_NO_COMMON_BLOCKS = YES;
				GCC_WARN_64_TO_32_BIT_CONVERSION = YES;
				GCC_WARN_ABOUT_RETURN_TYPE = YES_ERROR;
				GCC_WARN_UNDECLARED_SELECTOR = YES;
				GCC_WARN_UNINITIALIZED_AUTOS = YES_AGGRESSIVE;
				GCC_WARN_UNUSED_FUNCTION = YES;
				GCC_WARN_UNUSED_VARIABLE = YES;
				IPHONEOS_DEPLOYMENT_TARGET = 9.2;
				MTL_ENABLE_DEBUG_INFO = NO;
				SDKROOT = iphoneos;
				VALIDATE_PRODUCT = YES;
			};
			name = Release;
		};
		06FBAE051C6B3D130037BCCC /* Debug */ = {
			isa = XCBuildConfiguration;
			buildSettings = {
				ASSETCATALOG_COMPILER_APPICON_NAME = AppIcon;
				INFOPLIST_FILE = WordList/Info.plist;
				LD_RUNPATH_SEARCH_PATHS = "$(inherited) @executable_path/Frameworks";
				PRODUCT_BUNDLE_IDENTIFIER = "Yuki-Sakata.WordList";
				PRODUCT_NAME = "$(TARGET_NAME)";
			};
			name = Debug;
		};
		06FBAE061C6B3D130037BCCC /* Release */ = {
			isa = XCBuildConfiguration;
			buildSettings = {
				ASSETCATALOG_COMPILER_APPICON_NAME = AppIcon;
				INFOPLIST_FILE = WordList/Info.plist;
				LD_RUNPATH_SEARCH_PATHS = "$(inherited) @executable_path/Frameworks";
				PRODUCT_BUNDLE_IDENTIFIER = "Yuki-Sakata.WordList";
				PRODUCT_NAME = "$(TARGET_NAME)";
			};
			name = Release;
		};
		06FBAE081C6B3D130037BCCC /* Debug */ = {
			isa = XCBuildConfiguration;
			buildSettings = {
				BUNDLE_LOADER = "$(TEST_HOST)";
				INFOPLIST_FILE = WordListTests/Info.plist;
				LD_RUNPATH_SEARCH_PATHS = "$(inherited) @executable_path/Frameworks @loader_path/Frameworks";
				PRODUCT_BUNDLE_IDENTIFIER = "Yuki-Sakata.WordListTests";
				PRODUCT_NAME = "$(TARGET_NAME)";
				TEST_HOST = "$(BUILT_PRODUCTS_DIR)/WordList.app/WordList";
			};
			name = Debug;
		};
		06FBAE091C6B3D130037BCCC /* Release */ = {
			isa = XCBuildConfiguration;
			buildSettings = {
				BUNDLE_LOADER = "$(TEST_HOST)";
				INFOPLIST_FILE = WordListTests/Info.plist;
				LD_RUNPATH_SEARCH_PATHS = "$(inherited) @executable_path/Frameworks @loader_path/Frameworks";
				PRODUCT_BUNDLE_IDENTIFIER = "Yuki-Sakata.WordListTests";
				PRODUCT_NAME = "$(TARGET_NAME)";
				TEST_HOST = "$(BUILT_PRODUCTS_DIR)/WordList.app/WordList";
			};
			name = Release;
		};
		06FBAE0B1C6B3D130037BCCC /* Debug */ = {
			isa = XCBuildConfiguration;
			buildSettings = {
				INFOPLIST_FILE = WordListUITests/Info.plist;
				LD_RUNPATH_SEARCH_PATHS = "$(inherited) @executable_path/Frameworks @loader_path/Frameworks";
				PRODUCT_BUNDLE_IDENTIFIER = "Yuki-Sakata.WordListUITests";
				PRODUCT_NAME = "$(TARGET_NAME)";
				TEST_TARGET_NAME = WordList;
				USES_XCTRUNNER = YES;
			};
			name = Debug;
		};
		06FBAE0C1C6B3D130037BCCC /* Release */ = {
			isa = XCBuildConfiguration;
			buildSettings = {
				INFOPLIST_FILE = WordListUITests/Info.plist;
				LD_RUNPATH_SEARCH_PATHS = "$(inherited) @executable_path/Frameworks @loader_path/Frameworks";
				PRODUCT_BUNDLE_IDENTIFIER = "Yuki-Sakata.WordListUITests";
				PRODUCT_NAME = "$(TARGET_NAME)";
				TEST_TARGET_NAME = WordList;
				USES_XCTRUNNER = YES;
			};
			name = Release;
		};
/* End XCBuildConfiguration section */

/* Begin XCConfigurationList section */
		06FBADD71C6B3D130037BCCC /* Build configuration list for PBXProject "WordList" */ = {
			isa = XCConfigurationList;
			buildConfigurations = (
				06FBAE021C6B3D130037BCCC /* Debug */,
				06FBAE031C6B3D130037BCCC /* Release */,
			);
			defaultConfigurationIsVisible = 0;
			defaultConfigurationName = Release;
		};
		06FBAE041C6B3D130037BCCC /* Build configuration list for PBXNativeTarget "WordList" */ = {
			isa = XCConfigurationList;
			buildConfigurations = (
				06FBAE051C6B3D130037BCCC /* Debug */,
				06FBAE061C6B3D130037BCCC /* Release */,
			);
			defaultConfigurationIsVisible = 0;
			defaultConfigurationName = Release;
		};
		06FBAE071C6B3D130037BCCC /* Build configuration list for PBXNativeTarget "WordListTests" */ = {
			isa = XCConfigurationList;
			buildConfigurations = (
				06FBAE081C6B3D130037BCCC /* Debug */,
				06FBAE091C6B3D130037BCCC /* Release */,
			);
			defaultConfigurationIsVisible = 0;
			defaultConfigurationName = Release;
		};
		06FBAE0A1C6B3D130037BCCC /* Build configuration list for PBXNativeTarget "WordListUITests" */ = {
			isa = XCConfigurationList;
			buildConfigurations = (
				06FBAE0B1C6B3D130037BCCC /* Debug */,
				06FBAE0C1C6B3D130037BCCC /* Release */,
			);
			defaultConfigurationIsVisible = 0;
			defaultConfigurationName = Release;
		};
/* End XCConfigurationList section */
	};
	rootObject = 06FBADD41C6B3D130037BCCC /* Project object */;
}
